# THIS IS AN AUTOGENERATED FILE. DO NOT EDIT THIS FILE DIRECTLY.
# yarn lockfile v1


ansi-styles@^3.2.1:
  version "3.2.1"
  resolved "https://registry.yarnpkg.com/ansi-styles/-/ansi-styles-3.2.1.tgz#41fbb20243e50b12be0f04b8dedbf07520ce841d"
  dependencies:
    color-convert "^1.9.0"

chalk@^2.4.1:
  version "2.4.1"
  resolved "https://registry.yarnpkg.com/chalk/-/chalk-2.4.1.tgz#18c49ab16a037b6eb0152cc83e3471338215b66e"
  dependencies:
    ansi-styles "^3.2.1"
    escape-string-regexp "^1.0.5"
    supports-color "^5.3.0"

color-convert@^1.9.0:
  version "1.9.2"
  resolved "https://registry.yarnpkg.com/color-convert/-/color-convert-1.9.2.tgz#49881b8fba67df12a96bdf3f56c0aab9e7913147"
  dependencies:
    color-name "1.1.1"

color-name@1.1.1:
  version "1.1.1"
  resolved "https://registry.yarnpkg.com/color-name/-/color-name-1.1.1.tgz#4b1415304cf50028ea81643643bd82ea05803689"

escape-string-regexp@^1.0.5:
  version "1.0.5"
  resolved "https://registry.yarnpkg.com/escape-string-regexp/-/escape-string-regexp-1.0.5.tgz#1b61c0562190a8dff6ae3bb2cf0200ca130b86d4"

has-flag@^3.0.0:
  version "3.0.0"
  resolved "https://registry.yarnpkg.com/has-flag/-/has-flag-3.0.0.tgz#b5d454dc2199ae225699f3467e5a07f3b955bafd"

lodash@^4.17.4:
  version "4.17.10"
  resolved "https://registry.yarnpkg.com/lodash/-/lodash-4.17.10.tgz#1b7793cf7259ea38fb3661d4d38b3260af8ae4e7"

postcss-sorting@^3.1.0:
  version "3.1.0"
  resolved "https://registry.yarnpkg.com/postcss-sorting/-/postcss-sorting-3.1.0.tgz#af7c90ee73ad12569a57664eaf06735c2e25bec0"
  dependencies:
    lodash "^4.17.4"
    postcss "^6.0.13"

postcss@^6.0.13, postcss@^6.0.14:
  version "6.0.23"
  resolved "https://registry.yarnpkg.com/postcss/-/postcss-6.0.23.tgz#61c82cc328ac60e677645f979054eb98bc0e3324"
  dependencies:
    chalk "^2.4.1"
    source-map "^0.6.1"
    supports-color "^5.4.0"

source-map@^0.6.1:
  version "0.6.1"
  resolved "https://registry.yarnpkg.com/source-map/-/source-map-0.6.1.tgz#74722af32e9614e9c287a8d0bbde48b5e2f1a263"

stylelint-config-recess-order@^2.0.0:
  version "2.0.0"
  resolved "https://registry.yarnpkg.com/stylelint-config-recess-order/-/stylelint-config-recess-order-2.0.0.tgz#89840e844b5969d83930b2956a5c6917e837b0ce"
  dependencies:
    stylelint-order "^0.8.1"

stylelint-config-recommended-scss@^3.2.0:
  version "3.2.0"
  resolved "https://registry.yarnpkg.com/stylelint-config-recommended-scss/-/stylelint-config-recommended-scss-3.2.0.tgz#5761be65e28b58fa6a4a628b71291e83e921d10f"
  dependencies:
    stylelint-config-recommended "^2.0.0"

stylelint-config-recommended@^2.0.0, stylelint-config-recommended@^2.1.0:
  version "2.1.0"
  resolved "https://registry.yarnpkg.com/stylelint-config-recommended/-/stylelint-config-recommended-2.1.0.tgz#f526d5c771c6811186d9eaedbed02195fee30858"

stylelint-config-standard@^18.2.0:
  version "18.2.0"
  resolved "https://registry.yarnpkg.com/stylelint-config-standard/-/stylelint-config-standard-18.2.0.tgz#6283149aba7f64f18731aef8f0abfb35cf619e06"
  dependencies:
    stylelint-config-recommended "^2.1.0"

stylelint-order@^0.8.1:
  version "0.8.1"
  resolved "https://registry.yarnpkg.com/stylelint-order/-/stylelint-order-0.8.1.tgz#35f71af3a15954154e0e99e5646ba3d6fbe34f8d"
  dependencies:
    lodash "^4.17.4"
    postcss "^6.0.14"
    postcss-sorting "^3.1.0"

supports-color@^5.3.0, supports-color@^5.4.0:
  version "5.4.0"
  resolved "https://registry.yarnpkg.com/supports-color/-/supports-color-5.4.0.tgz#1c6b337402c2137605efe19f10fec390f6faab54"
  dependencies:
    has-flag "^3.0.0"
